
Microsoft Visual Studio Solution File, Format Version 12.00
# Visual Studio Version 17
VisualStudioVersion = 17.10.35122.118
MinimumVisualStudioVersion = 10.0.40219.1
Project("{9A19103F-16F7-4668-BE54-9A1E7A4F7556}") = "XColorPicker", "ColorPickor\XColorPicker.csproj", "{3080406A-970A-4287-B3FC-162E647D37AE}"
EndProject
Project("{9A19103F-16F7-4668-BE54-9A1E7A4F7556}") = "XColorPicker.Core", "XColorPicker\XColorPicker.Core.csproj", "{76C69486-B69A-411A-B72D-C76541CD15CD}"
EndProject
Global
	GlobalSection(SolutionConfigurationPlatforms) = preSolution
		Debug|Any CPU = Debug|Any CPU
		Release|Any CPU = Release|Any CPU
	EndGlobalSection
	GlobalSection(ProjectConfigurationPlatforms) = postSolution
		{3080406A-970A-4287-B3FC-162E647D37AE}.Debug|Any CPU.ActiveCfg = Debug|Any CPU
		{3080406A-970A-4287-B3FC-162E647D37AE}.Debug|Any CPU.Build.0 = Debug|Any CPU
		{3080406A-970A-4287-B3FC-162E647D37AE}.Release|Any CPU.ActiveCfg = Release|Any CPU
		{3080406A-970A-4287-B3FC-162E647D37AE}.Release|Any CPU.Build.0 = Release|Any CPU
		{76C69486-B69A-411A-B72D-C76541CD15CD}.Debug|Any CPU.ActiveCfg = Debug|Any CPU
		{76C69486-B69A-411A-B72D-C76541CD15CD}.Debug|Any CPU.Build.0 = Debug|Any CPU
		{76C69486-B69A-411A-B72D-C76541CD15CD}.Release|Any CPU.ActiveCfg = Release|Any CPU
		{76C69486-B69A-411A-B72D-C76541CD15CD}.Release|Any CPU.Build.0 = Release|Any CPU
	EndGlobalSection
	GlobalSection(SolutionProperties) = preSolution
		HideSolutionNode = FALSE
	EndGlobalSection
	GlobalSection(ExtensibilityGlobals) = postSolution
		SolutionGuid = {86CFBF2D-AA80-4C61-B97A-86D4658D67C3}
	EndGlobalSection
EndGlobal
